{
  "name": "roads-example",
  "version": "7.0.0",
  "lockfileVersion": 1,
  "requires": true,
  "dependencies": {
    "@types/node": {
      "version": "12.12.34",
      "resolved": "https://registry.npmjs.org/@types/node/-/node-12.12.34.tgz",
      "integrity": "sha512-BneGN0J9ke24lBRn44hVHNeDlrXRYF+VRp0HbSUNnEZahXGAysHZIqnf/hER6aabdBgzM4YOV4jrR8gj4Zfi0g=="
    },
    "acorn": {
      "version": "7.1.1",
      "resolved": "https://registry.npmjs.org/acorn/-/acorn-7.1.1.tgz",
      "integrity": "sha512-add7dgA5ppRPxCFJoAGfMDi7PIBXq1RtGo7BhbLaxwrXPOmw8gq48Y9ozT01hUKy9byMjlR20EJhu5zlkErEkg=="
    },
    "acorn-node": {
      "version": "1.8.2",
      "resolved": "https://registry.npmjs.org/acorn-node/-/acorn-node-1.8.2.tgz",
      "integrity": "sha512-8mt+fslDufLYntIoPAaIMUe/lrbrehIiwmR3t2k9LljIzoigEPF27eLk2hy8zSGzmR/ogr7zbRKINMo1u0yh5A==",
      "requires": {
        "acorn": "^7.0.0",
        "acorn-walk": "^7.0.0",
        "xtend": "^4.0.2"
      }
    },
    "acorn-walk": {
      "version": "7.1.1",
      "resolved": "https://registry.npmjs.org/acorn-walk/-/acorn-walk-7.1.1.tgz",
      "integrity": "sha512-wdlPY2tm/9XBr7QkKlq0WQVgiuGTX6YWPyRyBviSoScBuLfTVQhvwg6wJ369GJ/1nPfTLMfnrFIfjqVg6d+jQQ=="
    },
    "array-from": {
      "version": "2.1.1",
      "resolved": "https://registry.npmjs.org/array-from/-/array-from-2.1.1.tgz",
      "integrity": "sha1-z+nYwmYoudxa7MYqn12PHzUsEZU="
    },
    "brfs": {
      "version": "2.0.2",
      "resolved": "https://registry.npmjs.org/brfs/-/brfs-2.0.2.tgz",
      "integrity": "sha512-IrFjVtwu4eTJZyu8w/V2gxU7iLTtcHih67sgEdzrhjLBMHp2uYefUBfdM4k2UvcuWMgV7PQDZHSLeNWnLFKWVQ==",
      "requires": {
        "quote-stream": "^1.0.1",
        "resolve": "^1.1.5",
        "static-module": "^3.0.2",
        "through2": "^2.0.0"
      }
    },
    "buffer-equal": {
      "version": "0.0.1",
      "resolved": "https://registry.npmjs.org/buffer-equal/-/buffer-equal-0.0.1.tgz",
      "integrity": "sha1-kbx0sR6kBbyRa8aqkI+q+ltKrEs="
    },
    "buffer-from": {
      "version": "1.1.1",
      "resolved": "https://registry.npmjs.org/buffer-from/-/buffer-from-1.1.1.tgz",
      "integrity": "sha512-MQcXEUbCKtEo7bhqEs6560Hyd4XaovZlO/k9V3hjVUF/zwW7KBVdSK4gIt/bzwS9MbR5qob+F5jusZsb0YQK2A=="
    },
    "concat-stream": {
      "version": "1.6.2",
      "resolved": "https://registry.npmjs.org/concat-stream/-/concat-stream-1.6.2.tgz",
      "integrity": "sha512-27HBghJxjiZtIk3Ycvn/4kbJk/1uZuJFfuPEns6LaEvpvG1f0hTea8lilrouyo9mVc2GWdcEZ8OLoGmSADlrCw==",
      "requires": {
        "buffer-from": "^1.0.0",
        "inherits": "^2.0.3",
        "readable-stream": "^2.2.2",
        "typedarray": "^0.0.6"
      }
    },
    "content-type": {
      "version": "1.0.4",
      "resolved": "https://registry.npmjs.org/content-type/-/content-type-1.0.4.tgz",
      "integrity": "sha512-hIP3EEPs8tB9AT1L+NUqtwOAps4mk2Zob89MWXMHjHWg9milF/j4osnnQLXBCBFBk/tvIG/tUc9mOUJiPBhPXA=="
    },
    "convert-source-map": {
      "version": "1.7.0",
      "resolved": "https://registry.npmjs.org/convert-source-map/-/convert-source-map-1.7.0.tgz",
      "integrity": "sha512-4FJkXzKXEDB1snCFZlLP4gpC3JILicCpGbzG9f9G7tGqGCzETQ2hWPrcinA9oU4wtf2biUaEH5065UnMeR33oA==",
      "requires": {
        "safe-buffer": "~5.1.1"
      }
    },
    "cookie": {
      "version": "0.4.0",
      "resolved": "https://registry.npmjs.org/cookie/-/cookie-0.4.0.tgz",
      "integrity": "sha512-+Hp8fLp57wnUSt0tY0tHEXh4voZRDnoIrZPqlo3DPiI4y9lwg/jqx+1Om94/W6ZaPDOUbnjOt/99w66zk+l1Xg=="
    },
    "core-util-is": {
      "version": "1.0.2",
      "resolved": "https://registry.npmjs.org/core-util-is/-/core-util-is-1.0.2.tgz",
      "integrity": "sha1-tf1UIgqivFq1eqtxQMlAdUUDwac="
    },
    "d": {
      "version": "1.0.1",
      "resolved": "https://registry.npmjs.org/d/-/d-1.0.1.tgz",
      "integrity": "sha512-m62ShEObQ39CfralilEQRjH6oAMtNCV1xJyEx5LpRYUVN+EviphDgUc/F3hnYbADmkiNs67Y+3ylmlG7Lnu+FA==",
      "requires": {
        "es5-ext": "^0.10.50",
        "type": "^1.0.1"
      }
    },
    "dash-ast": {
      "version": "1.0.0",
      "resolved": "https://registry.npmjs.org/dash-ast/-/dash-ast-1.0.0.tgz",
      "integrity": "sha512-Vy4dx7gquTeMcQR/hDkYLGUnwVil6vk4FOOct+djUnHOUWt+zJPJAaRIXaAFkPXtJjvlY7o3rfRu0/3hpnwoUA=="
    },
    "deep-is": {
      "version": "0.1.3",
      "resolved": "https://registry.npmjs.org/deep-is/-/deep-is-0.1.3.tgz",
      "integrity": "sha1-s2nW+128E+7PUk+RsHD+7cNXzzQ="
    },
    "duplexer2": {
      "version": "0.1.4",
      "resolved": "https://registry.npmjs.org/duplexer2/-/duplexer2-0.1.4.tgz",
      "integrity": "sha1-ixLauHjA1p4+eJEFFmKjL8a93ME=",
      "requires": {
        "readable-stream": "^2.0.2"
      }
    },
    "es5-ext": {
      "version": "0.10.53",
      "resolved": "https://registry.npmjs.org/es5-ext/-/es5-ext-0.10.53.tgz",
      "integrity": "sha512-Xs2Stw6NiNHWypzRTY1MtaG/uJlwCk8kH81920ma8mvN8Xq1gsfhZvpkImLQArw8AHnv8MT2I45J3c0R8slE+Q==",
      "requires": {
        "es6-iterator": "~2.0.3",
        "es6-symbol": "~3.1.3",
        "next-tick": "~1.0.0"
      }
    },
    "es6-iterator": {
      "version": "2.0.3",
      "resolved": "https://registry.npmjs.org/es6-iterator/-/es6-iterator-2.0.3.tgz",
      "integrity": "sha1-p96IkUGgWpSwhUQDstCg+/qY87c=",
      "requires": {
        "d": "1",
        "es5-ext": "^0.10.35",
        "es6-symbol": "^3.1.1"
      }
    },
    "es6-map": {
      "version": "0.1.5",
      "resolved": "https://registry.npmjs.org/es6-map/-/es6-map-0.1.5.tgz",
      "integrity": "sha1-kTbgUD3MBqMBaQ8LsU/042TpSfA=",
      "requires": {
        "d": "1",
        "es5-ext": "~0.10.14",
        "es6-iterator": "~2.0.1",
        "es6-set": "~0.1.5",
        "es6-symbol": "~3.1.1",
        "event-emitter": "~0.3.5"
      }
    },
    "es6-set": {
      "version": "0.1.5",
      "resolved": "https://registry.npmjs.org/es6-set/-/es6-set-0.1.5.tgz",
      "integrity": "sha1-0rPsXU2ADO2BjbU40ol02wpzzLE=",
      "requires": {
        "d": "1",
        "es5-ext": "~0.10.14",
        "es6-iterator": "~2.0.1",
        "es6-symbol": "3.1.1",
        "event-emitter": "~0.3.5"
      },
      "dependencies": {
        "es6-symbol": {
          "version": "3.1.1",
          "resolved": "https://registry.npmjs.org/es6-symbol/-/es6-symbol-3.1.1.tgz",
          "integrity": "sha1-vwDvT9q2uhtG7Le2KbTH7VcVzHc=",
          "requires": {
            "d": "1",
            "es5-ext": "~0.10.14"
          }
        }
      }
    },
    "es6-symbol": {
      "version": "3.1.3",
      "resolved": "https://registry.npmjs.org/es6-symbol/-/es6-symbol-3.1.3.tgz",
      "integrity": "sha512-NJ6Yn3FuDinBaBRWl/q5X/s4koRHBrgKAu+yGI6JCBeiu3qrcbJhwT2GeR/EXVfylRk8dpQVJoLEFhK+Mu31NA==",
      "requires": {
        "d": "^1.0.1",
        "ext": "^1.1.2"
      }
    },
    "escodegen": {
      "version": "1.9.1",
      "resolved": "https://registry.npmjs.org/escodegen/-/escodegen-1.9.1.tgz",
      "integrity": "sha512-6hTjO1NAWkHnDk3OqQ4YrCuwwmGHL9S3nPlzBOUG/R44rda3wLNrfvQ5fkSGjyhHFKM7ALPKcKGrwvCLe0lC7Q==",
      "requires": {
        "esprima": "^3.1.3",
        "estraverse": "^4.2.0",
        "esutils": "^2.0.2",
        "optionator": "^0.8.1",
        "source-map": "~0.6.1"
      }
    },
    "esprima": {
      "version": "3.1.3",
      "resolved": "https://registry.npmjs.org/esprima/-/esprima-3.1.3.tgz",
      "integrity": "sha1-/cpRzuYTOJXjyI1TXOSdv/YqRjM="
    },
    "estraverse": {
      "version": "4.3.0",
      "resolved": "https://registry.npmjs.org/estraverse/-/estraverse-4.3.0.tgz",
      "integrity": "sha512-39nnKffWz8xN1BU/2c79n9nB9HDzo0niYUqx6xyqUnyoAnQyyWpOTdZEeiCch8BBu515t4wp9ZmgVfVhn9EBpw=="
    },
    "estree-is-function": {
      "version": "1.0.0",
      "resolved": "https://registry.npmjs.org/estree-is-function/-/estree-is-function-1.0.0.tgz",
      "integrity": "sha512-nSCWn1jkSq2QAtkaVLJZY2ezwcFO161HVc174zL1KPW3RJ+O6C3eJb8Nx7OXzvhoEv+nLgSR1g71oWUHUDTrJA=="
    },
    "esutils": {
      "version": "2.0.3",
      "resolved": "https://registry.npmjs.org/esutils/-/esutils-2.0.3.tgz",
      "integrity": "sha512-kVscqXk4OCp68SZ0dkgEKVi6/8ij300KBWTJq32P/dYeWTSwK41WyTxalN1eRmA5Z9UU/LX9D7FWSmV9SAYx6g=="
    },
    "event-emitter": {
      "version": "0.3.5",
      "resolved": "https://registry.npmjs.org/event-emitter/-/event-emitter-0.3.5.tgz",
      "integrity": "sha1-34xp7vFkeSPHFXuc6DhAYQsCzDk=",
      "requires": {
        "d": "1",
        "es5-ext": "~0.10.14"
      }
    },
    "ext": {
      "version": "1.4.0",
      "resolved": "https://registry.npmjs.org/ext/-/ext-1.4.0.tgz",
      "integrity": "sha512-Key5NIsUxdqKg3vIsdw9dSuXpPCQ297y6wBjL30edxwPgt2E44WcWBZey/ZvUc6sERLTxKdyCu4gZFmUbk1Q7A==",
      "requires": {
        "type": "^2.0.0"
      },
      "dependencies": {
        "type": {
          "version": "2.0.0",
          "resolved": "https://registry.npmjs.org/type/-/type-2.0.0.tgz",
          "integrity": "sha512-KBt58xCHry4Cejnc2ISQAF7QY+ORngsWfxezO68+12hKV6lQY8P/psIkcbjeHWn7MqcgciWJyCCevFMJdIXpow=="
        }
      }
    },
    "fast-levenshtein": {
      "version": "2.0.6",
      "resolved": "https://registry.npmjs.org/fast-levenshtein/-/fast-levenshtein-2.0.6.tgz",
      "integrity": "sha1-PYpcZog6FqMMqGQ+hR8Zuqd5eRc="
    },
    "function-bind": {
      "version": "1.1.1",
      "resolved": "https://registry.npmjs.org/function-bind/-/function-bind-1.1.1.tgz",
      "integrity": "sha512-yIovAzMX49sF8Yl58fSCWJ5svSLuaibPxXQJFLmBObTuCr0Mf1KiPopGM9NiFjiYBCbfaa2Fh6breQ6ANVTI0A=="
    },
    "get-assigned-identifiers": {
      "version": "1.2.0",
      "resolved": "https://registry.npmjs.org/get-assigned-identifiers/-/get-assigned-identifiers-1.2.0.tgz",
      "integrity": "sha512-mBBwmeGTrxEMO4pMaaf/uUEFHnYtwr8FTe8Y/mer4rcV/bye0qGm6pw1bGZFGStxC5O76c5ZAVBGnqHmOaJpdQ=="
    },
    "has": {
      "version": "1.0.3",
      "resolved": "https://registry.npmjs.org/has/-/has-1.0.3.tgz",
      "integrity": "sha512-f2dvO0VU6Oej7RkWJGrehjbzMAjFp5/VKPp5tTpWIV4JHHZK1/BxbFRtf/siA2SWTe09caDmVtYYzWEIbBS4zw==",
      "requires": {
        "function-bind": "^1.1.1"
      }
    },
    "inherits": {
      "version": "2.0.4",
      "resolved": "https://registry.npmjs.org/inherits/-/inherits-2.0.4.tgz",
      "integrity": "sha512-k/vGaX4/Yla3WzyMCvTQOXYeIHvqOKtnqBduzTHpzpQZzAskKMhZ2K+EnBiSM9zGSoIFeMpXKxa4dYeZIQqewQ=="
    },
    "isarray": {
      "version": "1.0.0",
      "resolved": "https://registry.npmjs.org/isarray/-/isarray-1.0.0.tgz",
      "integrity": "sha1-u5NdSFgsuhaMBoNJV6VKPgcSTxE="
    },
    "levn": {
      "version": "0.3.0",
      "resolved": "https://registry.npmjs.org/levn/-/levn-0.3.0.tgz",
      "integrity": "sha1-OwmSTt+fCDwEkP3UwLxEIeBHZO4=",
      "requires": {
        "prelude-ls": "~1.1.2",
        "type-check": "~0.3.2"
      }
    },
    "magic-string": {
      "version": "0.22.5",
      "resolved": "https://registry.npmjs.org/magic-string/-/magic-string-0.22.5.tgz",
      "integrity": "sha512-oreip9rJZkzvA8Qzk9HFs8fZGF/u7H/gtrE8EN6RjKJ9kh2HlC+yQ2QezifqTZfGyiuAV0dRv5a+y/8gBb1m9w==",
      "requires": {
        "vlq": "^0.2.2"
      }
    },
    "merge-source-map": {
      "version": "1.0.4",
      "resolved": "https://registry.npmjs.org/merge-source-map/-/merge-source-map-1.0.4.tgz",
      "integrity": "sha1-pd5GU42uhNQRTMXqArR3KmNGcB8=",
      "requires": {
        "source-map": "^0.5.6"
      },
      "dependencies": {
        "source-map": {
          "version": "0.5.7",
          "resolved": "https://registry.npmjs.org/source-map/-/source-map-0.5.7.tgz",
          "integrity": "sha1-igOdLRAh0i0eoUyA2OpGi6LvP8w="
        }
      }
    },
    "minimist": {
      "version": "1.2.5",
      "resolved": "https://registry.npmjs.org/minimist/-/minimist-1.2.5.tgz",
      "integrity": "sha512-FM9nNUYrRBAELZQT3xeZQ7fmMOBg6nWNmJKTcgsJeaLstP/UODVpGsr5OhXhhXg6f+qtJ8uiZ+PUxkDWcgIXLw=="
    },
    "next-tick": {
      "version": "1.0.0",
      "resolved": "https://registry.npmjs.org/next-tick/-/next-tick-1.0.0.tgz",
      "integrity": "sha1-yobR/ogoFpsBICCOPchCS524NCw="
    },
    "object-inspect": {
      "version": "1.4.1",
      "resolved": "https://registry.npmjs.org/object-inspect/-/object-inspect-1.4.1.tgz",
      "integrity": "sha512-wqdhLpfCUbEsoEwl3FXwGyv8ief1k/1aUdIPCqVnupM6e8l63BEJdiF/0swtn04/8p05tG/T0FrpTlfwvljOdw=="
    },
    "optionator": {
      "version": "0.8.3",
      "resolved": "https://registry.npmjs.org/optionator/-/optionator-0.8.3.tgz",
      "integrity": "sha512-+IW9pACdk3XWmmTXG8m3upGUJst5XRGzxMRjXzAuJ1XnIFNvfhjjIuYkDvysnPQ7qzqVzLt78BCruntqRhWQbA==",
      "requires": {
        "deep-is": "~0.1.3",
        "fast-levenshtein": "~2.0.6",
        "levn": "~0.3.0",
        "prelude-ls": "~1.1.2",
        "type-check": "~0.3.2",
        "word-wrap": "~1.2.3"
      }
    },
    "path-parse": {
      "version": "1.0.6",
      "resolved": "https://registry.npmjs.org/path-parse/-/path-parse-1.0.6.tgz",
      "integrity": "sha512-GSmOT2EbHrINBf9SR7CDELwlJ8AENk3Qn7OikK4nFYAu3Ote2+JYNVvkpAEQm3/TLNEJFD/xZJjzyxg3KBWOzw=="
    },
    "prelude-ls": {
      "version": "1.1.2",
      "resolved": "https://registry.npmjs.org/prelude-ls/-/prelude-ls-1.1.2.tgz",
      "integrity": "sha1-IZMqVJ9eUv/ZqCf1cOBL5iqX2lQ="
    },
    "process-nextick-args": {
      "version": "2.0.1",
      "resolved": "https://registry.npmjs.org/process-nextick-args/-/process-nextick-args-2.0.1.tgz",
      "integrity": "sha512-3ouUOpQhtgrbOa17J7+uxOTpITYWaGP7/AhoR3+A+/1e9skrzelGi/dXzEYyvbxubEF6Wn2ypscTKiKJFFn1ag=="
    },
    "quote-stream": {
      "version": "1.0.2",
      "resolved": "https://registry.npmjs.org/quote-stream/-/quote-stream-1.0.2.tgz",
      "integrity": "sha1-hJY/jJwmuULhU/7rU6rnRlK34LI=",
      "requires": {
        "buffer-equal": "0.0.1",
        "minimist": "^1.1.3",
        "through2": "^2.0.0"
      }
    },
    "readable-stream": {
      "version": "2.3.7",
      "resolved": "https://registry.npmjs.org/readable-stream/-/readable-stream-2.3.7.tgz",
      "integrity": "sha512-Ebho8K4jIbHAxnuxi7o42OrZgF/ZTNcsZj6nRKyUmkhLFq8CHItp/fy6hQZuZmP/n3yZ9VBUbp4zz/mX8hmYPw==",
      "requires": {
        "core-util-is": "~1.0.0",
        "inherits": "~2.0.3",
        "isarray": "~1.0.0",
        "process-nextick-args": "~2.0.0",
        "safe-buffer": "~5.1.1",
        "string_decoder": "~1.1.1",
        "util-deprecate": "~1.0.1"
      }
    },
    "resolve": {
      "version": "1.15.1",
      "resolved": "https://registry.npmjs.org/resolve/-/resolve-1.15.1.tgz",
      "integrity": "sha512-84oo6ZTtoTUpjgNEr5SJyzQhzL72gaRodsSfyxC/AXRvwu0Yse9H8eF9IpGo7b8YetZhlI6v7ZQ6bKBFV/6S7w==",
      "requires": {
        "path-parse": "^1.0.6"
      }
    },
    "roads": {
      "version": "file:roads-7.0.0-alpha.1.tgz",
      "integrity": "sha512-4u8CxsxaWRte/Hn5xd8q0SfVDAyO9kMx+gZZB/tiSatRuKnypql3cTeVV7knKm9aRAgUNdI2MSIN7OWCOTsL4Q==",
      "requires": {
        "content-type": "^1.0.4",
        "cookie": "^0.4.1",
        "roads-req": "^0.4.6"
      },
      "dependencies": {
        "cookie": {
          "version": "0.4.1",
          "resolved": "https://registry.npmjs.org/cookie/-/cookie-0.4.1.tgz",
          "integrity": "sha512-ZwrFkGJxUR3EIoXtO+yVE69Eb7KlixbaeAWfBQB9vVsNn/o+Yw69gBWSSDK825hQNdN+wF8zELf3dFNl/kxkUA=="
        },
        "roads-req": {
          "version": "0.4.6",
          "resolved": "https://registry.npmjs.org/roads-req/-/roads-req-0.4.6.tgz",
          "integrity": "sha512-/n1L5FGTSKiwsMRbL+R0cox10mhFei75iQIKsSd2AbwEYFLFso6/H3CHTiJ7HQSaDEUrYyFEuCvCpOCeClANOw==",
          "requires": {
            "content-type": "^1.0.4"
          }
        }
      }
    },
    "roads-req": {
      "version": "0.4.2",
      "resolved": "https://registry.npmjs.org/roads-req/-/roads-req-0.4.2.tgz",
      "integrity": "sha512-PmvG9w2R30VFnpRvRIjB/DcrwIkcA6WSvjphGj0loRfrhhLvReMIPHcvFmM0O54h5+a69gozaDbA108Cdsqlaw==",
      "requires": {
        "content-type": "^1.0.4"
      }
    },
    "roads-server": {
      "version": "1.0.3",
      "resolved": "https://registry.npmjs.org/roads-server/-/roads-server-1.0.3.tgz",
      "integrity": "sha512-jFVtc94gNS63mQs4XlfOZGY6SoHR8Ucprkvg86upGtWPP6xhkLO4j4zo0r8V+2alCE03JIEmNJDllQbMtTf2GQ==",
      "requires": {
        "@types/node": "^12.12.14",
        "roads": "6.0.1"
      },
      "dependencies": {
        "roads": {
          "version": "6.0.1",
          "resolved": "https://registry.npmjs.org/roads/-/roads-6.0.1.tgz",
          "integrity": "sha512-FLPNdAsSH9w8+kvI3RKlUWaHKkRl9cAepTkKo3hHF02zjbf90qAXF9DRruXIjsfyfooaPrafxo7IXgFnMssrWg==",
          "requires": {
            "content-type": "^1.0.4",
            "cookie": "0.4.0",
            "roads-req": "0.4.2"
          }
        }
      }
    },
    "safe-buffer": {
      "version": "5.1.2",
      "resolved": "https://registry.npmjs.org/safe-buffer/-/safe-buffer-5.1.2.tgz",
      "integrity": "sha512-Gd2UZBJDkXlY7GbJxfsE8/nvKkUEU1G38c1siN6QP6a9PT9MmHB8GnpscSmMJSoF8LOIrt8ud/wPtojys4G6+g=="
    },
    "scope-analyzer": {
      "version": "2.1.1",
      "resolved": "https://registry.npmjs.org/scope-analyzer/-/scope-analyzer-2.1.1.tgz",
      "integrity": "sha512-azEAihtQ9mEyZGhfgTJy3IbOWEzeOrYbg7NcYEshPKnKd+LZmC3TNd5dmDxbLBsTG/JVWmCp+vDJ03vJjeXMHg==",
      "requires": {
        "array-from": "^2.1.1",
        "dash-ast": "^1.0.0",
        "es6-map": "^0.1.5",
        "es6-set": "^0.1.5",
        "es6-symbol": "^3.1.1",
        "estree-is-function": "^1.0.0",
        "get-assigned-identifiers": "^1.1.0"
      }
    },
    "shallow-copy": {
      "version": "0.0.1",
      "resolved": "https://registry.npmjs.org/shallow-copy/-/shallow-copy-0.0.1.tgz",
      "integrity": "sha1-QV9CcC1z2BAzApLMXuhurhoRoXA="
    },
    "source-map": {
      "version": "0.6.1",
      "resolved": "https://registry.npmjs.org/source-map/-/source-map-0.6.1.tgz",
      "integrity": "sha512-UjgapumWlbMhkBgzT7Ykc5YXUT46F0iKu8SGXq0bcwP5dz/h0Plj6enJqjz1Zbq2l5WaqYnrVbwWOWMyF3F47g==",
      "optional": true
    },
    "static-eval": {
      "version": "2.0.5",
      "resolved": "https://registry.npmjs.org/static-eval/-/static-eval-2.0.5.tgz",
      "integrity": "sha512-nNbV6LbGtMBgv7e9LFkt5JV8RVlRsyJrphfAt9tOtBBW/SfnzZDf2KnS72an8e434A+9e/BmJuTxeGPvrAK7KA==",
      "requires": {
        "escodegen": "^1.11.1"
      },
      "dependencies": {
        "escodegen": {
          "version": "1.14.1",
          "resolved": "https://registry.npmjs.org/escodegen/-/escodegen-1.14.1.tgz",
          "integrity": "sha512-Bmt7NcRySdIfNPfU2ZoXDrrXsG9ZjvDxcAlMfDUgRBjLOWTuIACXPBFJH7Z+cLb40JeQco5toikyc9t9P8E9SQ==",
          "requires": {
            "esprima": "^4.0.1",
            "estraverse": "^4.2.0",
            "esutils": "^2.0.2",
            "optionator": "^0.8.1",
            "source-map": "~0.6.1"
          }
        },
        "esprima": {
          "version": "4.0.1",
          "resolved": "https://registry.npmjs.org/esprima/-/esprima-4.0.1.tgz",
          "integrity": "sha512-eGuFFw7Upda+g4p+QHvnW0RyTX/SVeJBDM/gCtMARO0cLuT2HcEKnTPvhjV6aGeqrCB/sbNop0Kszm0jsaWU4A=="
        }
      }
    },
    "static-module": {
      "version": "3.0.3",
      "resolved": "https://registry.npmjs.org/static-module/-/static-module-3.0.3.tgz",
      "integrity": "sha512-RDaMYaI5o/ym0GkCqL/PlD1Pn216omp8fY81okxZ6f6JQxWW5tptOw9reXoZX85yt/scYvbWIt6uoszeyf+/MQ==",
      "requires": {
        "acorn-node": "^1.3.0",
        "concat-stream": "~1.6.0",
        "convert-source-map": "^1.5.1",
        "duplexer2": "~0.1.4",
        "escodegen": "~1.9.0",
        "has": "^1.0.1",
        "magic-string": "^0.22.4",
        "merge-source-map": "1.0.4",
        "object-inspect": "~1.4.0",
        "readable-stream": "~2.3.3",
        "scope-analyzer": "^2.0.1",
        "shallow-copy": "~0.0.1",
        "static-eval": "^2.0.2",
        "through2": "~2.0.3"
      }
    },
    "string_decoder": {
      "version": "1.1.1",
      "resolved": "https://registry.npmjs.org/string_decoder/-/string_decoder-1.1.1.tgz",
      "integrity": "sha512-n/ShnvDi6FHbbVfviro+WojiFzv+s8MPMHBczVePfUpDJLwoLT0ht1l4YwBCbi8pJAveEEdnkHyPyTP/mzRfwg==",
      "requires": {
        "safe-buffer": "~5.1.0"
      }
    },
    "through2": {
      "version": "2.0.5",
      "resolved": "https://registry.npmjs.org/through2/-/through2-2.0.5.tgz",
      "integrity": "sha512-/mrRod8xqpA+IHSLyGCQ2s8SPHiCDEeQJSep1jqLYeEUClOFG2Qsh+4FU6G9VeqpZnGW/Su8LQGc4YKni5rYSQ==",
      "requires": {
        "readable-stream": "~2.3.6",
        "xtend": "~4.0.1"
      }
    },
    "type": {
      "version": "1.2.0",
      "resolved": "https://registry.npmjs.org/type/-/type-1.2.0.tgz",
      "integrity": "sha512-+5nt5AAniqsCnu2cEQQdpzCAh33kVx8n0VoFidKpB1dVVLAN/F+bgVOqOJqOnEnrhp222clB5p3vUlD+1QAnfg=="
    },
    "type-check": {
      "version": "0.3.2",
      "resolved": "https://registry.npmjs.org/type-check/-/type-check-0.3.2.tgz",
      "integrity": "sha1-WITKtRLPHTVeP7eE8wgEsrUg23I=",
      "requires": {
        "prelude-ls": "~1.1.2"
      }
    },
    "typedarray": {
      "version": "0.0.6",
      "resolved": "https://registry.npmjs.org/typedarray/-/typedarray-0.0.6.tgz",
      "integrity": "sha1-hnrHTjhkGHsdPUfZlqeOxciDB3c="
    },
    "util-deprecate": {
      "version": "1.0.2",
      "resolved": "https://registry.npmjs.org/util-deprecate/-/util-deprecate-1.0.2.tgz",
      "integrity": "sha1-RQ1Nyfpw3nMnYvvS1KKJgUGaDM8="
    },
    "vlq": {
      "version": "0.2.3",
      "resolved": "https://registry.npmjs.org/vlq/-/vlq-0.2.3.tgz",
      "integrity": "sha512-DRibZL6DsNhIgYQ+wNdWDL2SL3bKPlVrRiBqV5yuMm++op8W4kGFtaQfCs4KEJn0wBZcHVHJ3eoywX8983k1ow=="
    },
    "word-wrap": {
      "version": "1.2.3",
      "resolved": "https://registry.npmjs.org/word-wrap/-/word-wrap-1.2.3.tgz",
      "integrity": "sha512-Hz/mrNwitNRh/HUAtM/VT/5VH+ygD6DV7mYKZAtHOrbs8U7lvPS6xf7EJKMF0uW1KJCl0H701g3ZGus+muE5vQ=="
    },
    "xtend": {
      "version": "4.0.2",
      "resolved": "https://registry.npmjs.org/xtend/-/xtend-4.0.2.tgz",
      "integrity": "sha512-LKYU1iAXJXUgAXn9URjiu+MWhyUXHsvfp7mcuYm9dSUKK0/CjtrUwFAxD82/mCWbtLsGjFIad0wIsod4zrTAEQ=="
    }
  }
}
