{
  "name": "roads-example",
  "version": "6.0.1",
  "lockfileVersion": 1,
  "requires": true,
  "dependencies": {
    "@types/node": {
      "version": "12.12.25",
      "resolved": "https://registry.npmjs.org/@types/node/-/node-12.12.25.tgz",
      "integrity": "sha512-nf1LMGZvgFX186geVZR1xMZKKblJiRfiASTHw85zED2kI1yDKHDwTKMdkaCbTlXoRKlGKaDfYywt+V0As30q3w=="
    },
    "content-type": {
      "version": "1.0.4",
      "resolved": "https://registry.npmjs.org/content-type/-/content-type-1.0.4.tgz",
      "integrity": "sha512-hIP3EEPs8tB9AT1L+NUqtwOAps4mk2Zob89MWXMHjHWg9milF/j4osnnQLXBCBFBk/tvIG/tUc9mOUJiPBhPXA=="
    },
    "cookie": {
      "version": "0.4.0",
      "resolved": "https://registry.npmjs.org/cookie/-/cookie-0.4.0.tgz",
      "integrity": "sha512-+Hp8fLp57wnUSt0tY0tHEXh4voZRDnoIrZPqlo3DPiI4y9lwg/jqx+1Om94/W6ZaPDOUbnjOt/99w66zk+l1Xg=="
    },
    "roads": {
      "version": "6.0.0",
      "resolved": "https://registry.npmjs.org/roads/-/roads-6.0.0.tgz",
      "integrity": "sha512-kVEq17jFySiAAqAs0+nAny05HR2MJQyWvcRyMh4RzjSDK7D+KChxC+HsTyX+p8VksOLr35oCK1SvKC5e/5B7JQ==",
      "requires": {
        "content-type": "^1.0.4",
        "cookie": "0.4.0",
        "roads-req": "0.4.2"
      }
    },
    "roads-req": {
      "version": "0.4.2",
      "resolved": "https://registry.npmjs.org/roads-req/-/roads-req-0.4.2.tgz",
      "integrity": "sha512-PmvG9w2R30VFnpRvRIjB/DcrwIkcA6WSvjphGj0loRfrhhLvReMIPHcvFmM0O54h5+a69gozaDbA108Cdsqlaw==",
      "requires": {
        "content-type": "^1.0.4"
      }
    },
    "roads-server": {
      "version": "1.0.0",
      "resolved": "https://registry.npmjs.org/roads-server/-/roads-server-1.0.0.tgz",
      "integrity": "sha512-evTAYWEyhxbBnxG4LSFSM/bRVD6zH4fBXtM/BfrXzcSyQOGbvqGw5i2T1u2FJR03T3PHOaclVdZ7WbyeLaZnEQ==",
      "requires": {
        "@types/node": "^12.12.14",
        "roads": "6.0.1"
      },
      "dependencies": {
        "roads": {
          "version": "6.0.1",
          "resolved": "https://registry.npmjs.org/roads/-/roads-6.0.1.tgz",
          "integrity": "sha512-FLPNdAsSH9w8+kvI3RKlUWaHKkRl9cAepTkKo3hHF02zjbf90qAXF9DRruXIjsfyfooaPrafxo7IXgFnMssrWg==",
          "requires": {
            "content-type": "^1.0.4",
            "cookie": "0.4.0",
            "roads-req": "0.4.2"
          }
        }
      }
    }
  }
}
